
Microsoft Visual Studio Solution File, Format Version 12.00
# Visual Studio Version 16
VisualStudioVersion = 16.0.31112.23
MinimumVisualStudioVersion = 10.0.40219.1
Project("{FAE04EC0-301F-11D3-BF4B-00C04F79EFBC}") = "UCSE-FINAL-BOTTOVIRGINIA-PROG1-JULIO-2021", "UCSE-FINAL-BOTTOVIRGINIA-PROG1-JULIO-2021.csproj", "{46A3057A-7ACB-4C77-81C9-EF94B4CC725D}"
EndProject
Global
	GlobalSection(SolutionConfigurationPlatforms) = preSolution
		Debug|Any CPU = Debug|Any CPU
		Release|Any CPU = Release|Any CPU
	EndGlobalSection
	GlobalSection(ProjectConfigurationPlatforms) = postSolution
		{46A3057A-7ACB-4C77-81C9-EF94B4CC725D}.Debug|Any CPU.ActiveCfg = Debug|Any CPU
		{46A3057A-7ACB-4C77-81C9-EF94B4CC725D}.Debug|Any CPU.Build.0 = Debug|Any CPU
		{46A3057A-7ACB-4C77-81C9-EF94B4CC725D}.Release|Any CPU.ActiveCfg = Release|Any CPU
		{46A3057A-7ACB-4C77-81C9-EF94B4CC725D}.Release|Any CPU.Build.0 = Release|Any CPU
	EndGlobalSection
	GlobalSection(SolutionProperties) = preSolution
		HideSolutionNode = FALSE
	EndGlobalSection
	GlobalSection(ExtensibilityGlobals) = postSolution
		SolutionGuid = {663861D3-DFB1-49E0-8907-B5F1279733A7}
	EndGlobalSection
EndGlobal
